// !$*UTF8*$!
{
	archiveVersion = 1;
	classes = {
	};
	objectVersion = 55;
	objects = {

/* Begin PBXBuildFile section */
		3A23F48827BBE83A00A6E153 /* AppDelegate.swift in Sources */ = {isa = PBXBuildFile; fileRef = 3A23F48727BBE83A00A6E153 /* AppDelegate.swift */; };
		3A23F48A27BBE83A00A6E153 /* SceneDelegate.swift in Sources */ = {isa = PBXBuildFile; fileRef = 3A23F48927BBE83A00A6E153 /* SceneDelegate.swift */; };
		3A23F48C27BBE83A00A6E153 /* ViewController.swift in Sources */ = {isa = PBXBuildFile; fileRef = 3A23F48B27BBE83A00A6E153 /* ViewController.swift */; };
		3A23F48F27BBE83A00A6E153 /* Main.storyboard in Resources */ = {isa = PBXBuildFile; fileRef = 3A23F48D27BBE83A00A6E153 /* Main.storyboard */; };
		3A23F49127BBE83B00A6E153 /* Assets.xcassets in Resources */ = {isa = PBXBuildFile; fileRef = 3A23F49027BBE83B00A6E153 /* Assets.xcassets */; };
		3A23F49427BBE83B00A6E153 /* LaunchScreen.storyboard in Resources */ = {isa = PBXBuildFile; fileRef = 3A23F49227BBE83B00A6E153 /* LaunchScreen.storyboard */; };
		3A2918C527BBF49D007758A7 /* ChildrenModel.swift in Sources */ = {isa = PBXBuildFile; fileRef = 3A2918C427BBF49D007758A7 /* ChildrenModel.swift */; };
		3A2918C927BBF5CC007758A7 /* ChildrenTableViewCell.swift in Sources */ = {isa = PBXBuildFile; fileRef = 3A2918C727BBF5CC007758A7 /* ChildrenTableViewCell.swift */; };
		3A2918CA27BBF5CC007758A7 /* ChildrenTableViewCell.xib in Resources */ = {isa = PBXBuildFile; fileRef = 3A2918C827BBF5CC007758A7 /* ChildrenTableViewCell.xib */; };
/* End PBXBuildFile section */

/* Begin PBXFileReference section */
		3A23F48427BBE83A00A6E153 /* AlefTest.app */ = {isa = PBXFileReference; explicitFileType = wrapper.application; includeInIndex = 0; path = AlefTest.app; sourceTree = BUILT_PRODUCTS_DIR; };
		3A23F48727BBE83A00A6E153 /* AppDelegate.swift */ = {isa = PBXFileReference; lastKnownFileType = sourcecode.swift; path = AppDelegate.swift; sourceTree = "<group>"; };
		3A23F48927BBE83A00A6E153 /* SceneDelegate.swift */ = {isa = PBXFileReference; lastKnownFileType = sourcecode.swift; path = SceneDelegate.swift; sourceTree = "<group>"; };
		3A23F48B27BBE83A00A6E153 /* ViewController.swift */ = {isa = PBXFileReference; lastKnownFileType = sourcecode.swift; path = ViewController.swift; sourceTree = "<group>"; };
		3A23F48E27BBE83A00A6E153 /* Base */ = {isa = PBXFileReference; lastKnownFileType = file.storyboard; name = Base; path = Base.lproj/Main.storyboard; sourceTree = "<group>"; };
		3A23F49027BBE83B00A6E153 /* Assets.xcassets */ = {isa = PBXFileReference; lastKnownFileType = folder.assetcatalog; path = Assets.xcassets; sourceTree = "<group>"; };
		3A23F49327BBE83B00A6E153 /* Base */ = {isa = PBXFileReference; lastKnownFileType = file.storyboard; name = Base; path = Base.lproj/LaunchScreen.storyboard; sourceTree = "<group>"; };
		3A23F49527BBE83B00A6E153 /* Info.plist */ = {isa = PBXFileReference; lastKnownFileType = text.plist.xml; path = Info.plist; sourceTree = "<group>"; };
		3A2918C427BBF49D007758A7 /* ChildrenModel.swift */ = {isa = PBXFileReference; lastKnownFileType = sourcecode.swift; path = ChildrenModel.swift; sourceTree = "<group>"; };
		3A2918C727BBF5CC007758A7 /* ChildrenTableViewCell.swift */ = {isa = PBXFileReference; lastKnownFileType = sourcecode.swift; path = ChildrenTableViewCell.swift; sourceTree = "<group>"; };
		3A2918C827BBF5CC007758A7 /* ChildrenTableViewCell.xib */ = {isa = PBXFileReference; lastKnownFileType = file.xib; path = ChildrenTableViewCell.xib; sourceTree = "<group>"; };
/* End PBXFileReference section */

/* Begin PBXFrameworksBuildPhase section */
		3A23F48127BBE83A00A6E153 /* Frameworks */ = {
			isa = PBXFrameworksBuildPhase;
			buildActionMask = 2147483647;
			files = (
			);
			runOnlyForDeploymentPostprocessing = 0;
		};
/* End PBXFrameworksBuildPhase section */

/* Begin PBXGroup section */
		3A23F47B27BBE83A00A6E153 = {
			isa = PBXGroup;
			children = (
				3A23F48627BBE83A00A6E153 /* AlefTest */,
				3A23F48527BBE83A00A6E153 /* Products */,
			);
			sourceTree = "<group>";
		};
		3A23F48527BBE83A00A6E153 /* Products */ = {
			isa = PBXGroup;
			children = (
				3A23F48427BBE83A00A6E153 /* AlefTest.app */,
			);
			name = Products;
			sourceTree = "<group>";
		};
		3A23F48627BBE83A00A6E153 /* AlefTest */ = {
			isa = PBXGroup;
			children = (
				3A2918CB27BBF715007758A7 /* Controller */,
				3A2918C627BBF5A3007758A7 /* Cell */,
				3A2918C327BBF48E007758A7 /* Model */,
				3A23F48727BBE83A00A6E153 /* AppDelegate.swift */,
				3A23F48927BBE83A00A6E153 /* SceneDelegate.swift */,
				3A23F48D27BBE83A00A6E153 /* Main.storyboard */,
				3A23F49027BBE83B00A6E153 /* Assets.xcassets */,
				3A23F49227BBE83B00A6E153 /* LaunchScreen.storyboard */,
				3A23F49527BBE83B00A6E153 /* Info.plist */,
			);
			path = AlefTest;
			sourceTree = "<group>";
		};
		3A2918C327BBF48E007758A7 /* Model */ = {
			isa = PBXGroup;
			children = (
				3A2918C427BBF49D007758A7 /* ChildrenModel.swift */,
			);
			path = Model;
			sourceTree = "<group>";
		};
		3A2918C627BBF5A3007758A7 /* Cell */ = {
			isa = PBXGroup;
			children = (
				3A2918C727BBF5CC007758A7 /* ChildrenTableViewCell.swift */,
				3A2918C827BBF5CC007758A7 /* ChildrenTableViewCell.xib */,
			);
			path = Cell;
			sourceTree = "<group>";
		};
		3A2918CB27BBF715007758A7 /* Controller */ = {
			isa = PBXGroup;
			children = (
				3A23F48B27BBE83A00A6E153 /* ViewController.swift */,
			);
			path = Controller;
			sourceTree = "<group>";
		};
/* End PBXGroup section */

/* Begin PBXNativeTarget section */
		3A23F48327BBE83A00A6E153 /* AlefTest */ = {
			isa = PBXNativeTarget;
			buildConfigurationList = 3A23F49827BBE83B00A6E153 /* Build configuration list for PBXNativeTarget "AlefTest" */;
			buildPhases = (
				3A23F48027BBE83A00A6E153 /* Sources */,
				3A23F48127BBE83A00A6E153 /* Frameworks */,
				3A23F48227BBE83A00A6E153 /* Resources */,
			);
			buildRules = (
			);
			dependencies = (
			);
			name = AlefTest;
			productName = AlefTest;
			productReference = 3A23F48427BBE83A00A6E153 /* AlefTest.app */;
			productType = "com.apple.product-type.application";
		};
/* End PBXNativeTarget section */

/* Begin PBXProject section */
		3A23F47C27BBE83A00A6E153 /* Project object */ = {
			isa = PBXProject;
			attributes = {
				BuildIndependentTargetsInParallel = 1;
				LastSwiftUpdateCheck = 1320;
				LastUpgradeCheck = 1320;
				TargetAttributes = {
					3A23F48327BBE83A00A6E153 = {
						CreatedOnToolsVersion = 13.2.1;
					};
				};
			};
			buildConfigurationList = 3A23F47F27BBE83A00A6E153 /* Build configuration list for PBXProject "AlefTest" */;
			compatibilityVersion = "Xcode 13.0";
			developmentRegion = en;
			hasScannedForEncodings = 0;
			knownRegions = (
				en,
				Base,
			);
			mainGroup = 3A23F47B27BBE83A00A6E153;
			productRefGroup = 3A23F48527BBE83A00A6E153 /* Products */;
			projectDirPath = "";
			projectRoot = "";
			targets = (
				3A23F48327BBE83A00A6E153 /* AlefTest */,
			);
		};
/* End PBXProject section */

/* Begin PBXResourcesBuildPhase section */
		3A23F48227BBE83A00A6E153 /* Resources */ = {
			isa = PBXResourcesBuildPhase;
			buildActionMask = 2147483647;
			files = (
				3A23F49427BBE83B00A6E153 /* LaunchScreen.storyboard in Resources */,
				3A23F49127BBE83B00A6E153 /* Assets.xcassets in Resources */,
				3A2918CA27BBF5CC007758A7 /* ChildrenTableViewCell.xib in Resources */,
				3A23F48F27BBE83A00A6E153 /* Main.storyboard in Resources */,
			);
			runOnlyForDeploymentPostprocessing = 0;
		};
/* End PBXResourcesBuildPhase section */

/* Begin PBXSourcesBuildPhase section */
		3A23F48027BBE83A00A6E153 /* Sources */ = {
			isa = PBXSourcesBuildPhase;
			buildActionMask = 2147483647;
			files = (
				3A2918C527BBF49D007758A7 /* ChildrenModel.swift in Sources */,
				3A23F48C27BBE83A00A6E153 /* ViewController.swift in Sources */,
				3A23F48827BBE83A00A6E153 /* AppDelegate.swift in Sources */,
				3A2918C927BBF5CC007758A7 /* ChildrenTableViewCell.swift in Sources */,
				3A23F48A27BBE83A00A6E153 /* SceneDelegate.swift in Sources */,
			);
			runOnlyForDeploymentPostprocessing = 0;
		};
/* End PBXSourcesBuildPhase section */

/* Begin PBXVariantGroup section */
		3A23F48D27BBE83A00A6E153 /* Main.storyboard */ = {
			isa = PBXVariantGroup;
			children = (
				3A23F48E27BBE83A00A6E153 /* Base */,
			);
			name = Main.storyboard;
			sourceTree = "<group>";
		};
		3A23F49227BBE83B00A6E153 /* LaunchScreen.storyboard */ = {
			isa = PBXVariantGroup;
			children = (
				3A23F49327BBE83B00A6E153 /* Base */,
			);
			name = LaunchScreen.storyboard;
			sourceTree = "<group>";
		};
/* End PBXVariantGroup section */

/* Begin XCBuildConfiguration section */
		3A23F49627BBE83B00A6E153 /* Debug */ = {
			isa = XCBuildConfiguration;
			buildSettings = {
				ALWAYS_SEARCH_USER_PATHS = NO;
				CLANG_ANALYZER_NONNULL = YES;
				CLANG_ANALYZER_NUMBER_OBJECT_CONVERSION = YES_AGGRESSIVE;
				CLANG_CXX_LANGUAGE_STANDARD = "gnu++17";
				CLANG_CXX_LIBRARY = "libc++";
				CLANG_ENABLE_MODULES = YES;
				CLANG_ENABLE_OBJC_ARC = YES;
				CLANG_ENABLE_OBJC_WEAK = YES;
				CLANG_WARN_BLOCK_CAPTURE_AUTORELEASING = YES;
				CLANG_WARN_BOOL_CONVERSION = YES;
				CLANG_WARN_COMMA = YES;
				CLANG_WARN_CONSTANT_CONVERSION = YES;
				CLANG_WARN_DEPRECATED_OBJC_IMPLEMENTATIONS = YES;
				CLANG_WARN_DIRECT_OBJC_ISA_USAGE = YES_ERROR;
				CLANG_WARN_DOCUMENTATION_COMMENTS = YES;
				CLANG_WARN_EMPTY_BODY = YES;
				CLANG_WARN_ENUM_CONVERSION = YES;
				CLANG_WARN_INFINITE_RECURSION = YES;
				CLANG_WARN_INT_CONVERSION = YES;
				CLANG_WARN_NON_LITERAL_NULL_CONVERSION = YES;
				CLANG_WARN_OBJC_IMPLICIT_RETAIN_SELF = YES;
				CLANG_WARN_OBJC_LITERAL_CONVERSION = YES;
				CLANG_WARN_OBJC_ROOT_CLASS = YES_ERROR;
				CLANG_WARN_QUOTED_INCLUDE_IN_FRAMEWORK_HEADER = YES;
				CLANG_WARN_RANGE_LOOP_ANALYSIS = YES;
				CLANG_WARN_STRICT_PROTOTYPES = YES;
				CLANG_WARN_SUSPICIOUS_MOVE = YES;
				CLANG_WARN_UNGUARDED_AVAILABILITY = YES_AGGRESSIVE;
				CLANG_WARN_UNREACHABLE_CODE = YES;
				CLANG_WARN__DUPLICATE_METHOD_MATCH = YES;
				COPY_PHASE_STRIP = NO;
				DEBUG_INFORMATION_FORMAT = dwarf;
				ENABLE_STRICT_OBJC_MSGSEND = YES;
				ENABLE_TESTABILITY = YES;
				GCC_C_LANGUAGE_STANDARD = gnu11;
				GCC_DYNAMIC_NO_PIC = NO;
				GCC_NO_COMMON_BLOCKS = YES;
				GCC_OPTIMIZATION_LEVEL = 0;
				GCC_PREPROCESSOR_DEFINITIONS = (
					"DEBUG=1",
					"$(inherited)",
				);
				GCC_WARN_64_TO_32_BIT_CONVERSION = YES;
				GCC_WARN_ABOUT_RETURN_TYPE = YES_ERROR;
				GCC_WARN_UNDECLARED_SELECTOR = YES;
				GCC_WARN_UNINITIALIZED_AUTOS = YES_AGGRESSIVE;
				GCC_WARN_UNUSED_FUNCTION = YES;
				GCC_WARN_UNUSED_VARIABLE = YES;
				IPHONEOS_DEPLOYMENT_TARGET = 15.2;
				MTL_ENABLE_DEBUG_INFO = INCLUDE_SOURCE;
				MTL_FAST_MATH = YES;
				ONLY_ACTIVE_ARCH = YES;
				SDKROOT = iphoneos;
				SWIFT_ACTIVE_COMPILATION_CONDITIONS = DEBUG;
				SWIFT_OPTIMIZATION_LEVEL = "-Onone";
			};
			name = Debug;
		};
		3A23F49727BBE83B00A6E153 /* Release */ = {
			isa = XCBuildConfiguration;
			buildSettings = {
				ALWAYS_SEARCH_USER_PATHS = NO;
				CLANG_ANALYZER_NONNULL = YES;
				CLANG_ANALYZER_NUMBER_OBJECT_CONVERSION = YES_AGGRESSIVE;
				CLANG_CXX_LANGUAGE_STANDARD = "gnu++17";
				CLANG_CXX_LIBRARY = "libc++";
				CLANG_ENABLE_MODULES = YES;
				CLANG_ENABLE_OBJC_ARC = YES;
				CLANG_ENABLE_OBJC_WEAK = YES;
				CLANG_WARN_BLOCK_CAPTURE_AUTORELEASING = YES;
				CLANG_WARN_BOOL_CONVERSION = YES;
				CLANG_WARN_COMMA = YES;
				CLANG_WARN_CONSTANT_CONVERSION = YES;
				CLANG_WARN_DEPRECATED_OBJC_IMPLEMENTATIONS = YES;
				CLANG_WARN_DIRECT_OBJC_ISA_USAGE = YES_ERROR;
				CLANG_WARN_DOCUMENTATION_COMMENTS = YES;
				CLANG_WARN_EMPTY_BODY = YES;
				CLANG_WARN_ENUM_CONVERSION = YES;
				CLANG_WARN_INFINITE_RECURSION = YES;
				CLANG_WARN_INT_CONVERSION = YES;
				CLANG_WARN_NON_LITERAL_NULL_CONVERSION = YES;
				CLANG_WARN_OBJC_IMPLICIT_RETAIN_SELF = YES;
				CLANG_WARN_OBJC_LITERAL_CONVERSION = YES;
				CLANG_WARN_OBJC_ROOT_CLASS = YES_ERROR;
				CLANG_WARN_QUOTED_INCLUDE_IN_FRAMEWORK_HEADER = YES;
				CLANG_WARN_RANGE_LOOP_ANALYSIS = YES;
				CLANG_WARN_STRICT_PROTOTYPES = YES;
				CLANG_WARN_SUSPICIOUS_MOVE = YES;
				CLANG_WARN_UNGUARDED_AVAILABILITY = YES_AGGRESSIVE;
				CLANG_WARN_UNREACHABLE_CODE = YES;
				CLANG_WARN__DUPLICATE_METHOD_MATCH = YES;
				COPY_PHASE_STRIP = NO;
				DEBUG_INFORMATION_FORMAT = "dwarf-with-dsym";
				ENABLE_NS_ASSERTIONS = NO;
				ENABLE_STRICT_OBJC_MSGSEND = YES;
				GCC_C_LANGUAGE_STANDARD = gnu11;
				GCC_NO_COMMON_BLOCKS = YES;
				GCC_WARN_64_TO_32_BIT_CONVERSION = YES;
				GCC_WARN_ABOUT_RETURN_TYPE = YES_ERROR;
				GCC_WARN_UNDECLARED_SELECTOR = YES;
				GCC_WARN_UNINITIALIZED_AUTOS = YES_AGGRESSIVE;
				GCC_WARN_UNUSED_FUNCTION = YES;
				GCC_WARN_UNUSED_VARIABLE = YES;
				IPHONEOS_DEPLOYMENT_TARGET = 15.2;
				MTL_ENABLE_DEBUG_INFO = NO;
				MTL_FAST_MATH = YES;
				SDKROOT = iphoneos;
				SWIFT_COMPILATION_MODE = wholemodule;
				SWIFT_OPTIMIZATION_LEVEL = "-O";
				VALIDATE_PRODUCT = YES;
			};
			name = Release;
		};
		3A23F49927BBE83B00A6E153 /* Debug */ = {
			isa = XCBuildConfiguration;
			buildSettings = {
				ASSETCATALOG_COMPILER_APPICON_NAME = AppIcon;
				ASSETCATALOG_COMPILER_GLOBAL_ACCENT_COLOR_NAME = AccentColor;
				CODE_SIGN_STYLE = Automatic;
				CURRENT_PROJECT_VERSION = 1;
				DEVELOPMENT_TEAM = K945D33793;
				GENERATE_INFOPLIST_FILE = YES;
				INFOPLIST_FILE = AlefTest/Info.plist;
				INFOPLIST_KEY_UIApplicationSupportsIndirectInputEvents = YES;
				INFOPLIST_KEY_UILaunchStoryboardName = LaunchScreen;
				INFOPLIST_KEY_UIMainStoryboardFile = Main;
				INFOPLIST_KEY_UISupportedInterfaceOrientations_iPad = "UIInterfaceOrientationPortrait UIInterfaceOrientationPortraitUpsideDown UIInterfaceOrientationLandscapeLeft UIInterfaceOrientationLandscapeRight";
				INFOPLIST_KEY_UISupportedInterfaceOrientations_iPhone = "UIInterfaceOrientationPortrait UIInterfaceOrientationLandscapeLeft UIInterfaceOrientationLandscapeRight";
				LD_RUNPATH_SEARCH_PATHS = (
					"$(inherited)",
					"@executable_path/Frameworks",
				);
				MARKETING_VERSION = 1.0;
				PRODUCT_BUNDLE_IDENTIFIER = evstarshov.AlefTest;
				PRODUCT_NAME = "$(TARGET_NAME)";
				SWIFT_EMIT_LOC_STRINGS = YES;
				SWIFT_VERSION = 5.0;
				TARGETED_DEVICE_FAMILY = 1;
			};
			name = Debug;
		};
		3A23F49A27BBE83B00A6E153 /* Release */ = {
			isa = XCBuildConfiguration;
			buildSettings = {
				ASSETCATALOG_COMPILER_APPICON_NAME = AppIcon;
				ASSETCATALOG_COMPILER_GLOBAL_ACCENT_COLOR_NAME = AccentColor;
				CODE_SIGN_STYLE = Automatic;
				CURRENT_PROJECT_VERSION = 1;
				DEVELOPMENT_TEAM = K945D33793;
				GENERATE_INFOPLIST_FILE = YES;
				INFOPLIST_FILE = AlefTest/Info.plist;
				INFOPLIST_KEY_UIApplicationSupportsIndirectInputEvents = YES;
				INFOPLIST_KEY_UILaunchStoryboardName = LaunchScreen;
				INFOPLIST_KEY_UIMainStoryboardFile = Main;
				INFOPLIST_KEY_UISupportedInterfaceOrientations_iPad = "UIInterfaceOrientationPortrait UIInterfaceOrientationPortraitUpsideDown UIInterfaceOrientationLandscapeLeft UIInterfaceOrientationLandscapeRight";
				INFOPLIST_KEY_UISupportedInterfaceOrientations_iPhone = "UIInterfaceOrientationPortrait UIInterfaceOrientationLandscapeLeft UIInterfaceOrientationLandscapeRight";
				LD_RUNPATH_SEARCH_PATHS = (
					"$(inherited)",
					"@executable_path/Frameworks",
				);
				MARKETING_VERSION = 1.0;
				PRODUCT_BUNDLE_IDENTIFIER = evstarshov.AlefTest;
				PRODUCT_NAME = "$(TARGET_NAME)";
				SWIFT_EMIT_LOC_STRINGS = YES;
				SWIFT_VERSION = 5.0;
				TARGETED_DEVICE_FAMILY = 1;
			};
			name = Release;
		};
/* End XCBuildConfiguration section */

/* Begin XCConfigurationList section */
		3A23F47F27BBE83A00A6E153 /* Build configuration list for PBXProject "AlefTest" */ = {
			isa = XCConfigurationList;
			buildConfigurations = (
				3A23F49627BBE83B00A6E153 /* Debug */,
				3A23F49727BBE83B00A6E153 /* Release */,
			);
			defaultConfigurationIsVisible = 0;
			defaultConfigurationName = Release;
		};
		3A23F49827BBE83B00A6E153 /* Build configuration list for PBXNativeTarget "AlefTest" */ = {
			isa = XCConfigurationList;
			buildConfigurations = (
				3A23F49927BBE83B00A6E153 /* Debug */,
				3A23F49A27BBE83B00A6E153 /* Release */,
			);
			defaultConfigurationIsVisible = 0;
			defaultConfigurationName = Release;
		};
/* End XCConfigurationList section */
	};
	rootObject = 3A23F47C27BBE83A00A6E153 /* Project object */;
}
